
Microsoft Visual Studio Solution File, Format Version 12.00
# Visual Studio Version 17
VisualStudioVersion = 17.6.33829.357
MinimumVisualStudioVersion = 10.0.40219.1
Project("{FAE04EC0-301F-11D3-BF4B-00C04F79EFBC}") = "RAW Antivirus", "RAW Antivirus\RAW Antivirus.csproj", "{1F897FF7-ABCE-4E1F-B9E6-5691DE946C14}"
EndProject
Global
	GlobalSection(SolutionConfigurationPlatforms) = preSolution
		Debug|Any CPU = Debug|Any CPU
		Release|Any CPU = Release|Any CPU
	EndGlobalSection
	GlobalSection(ProjectConfigurationPlatforms) = postSolution
		{1F897FF7-ABCE-4E1F-B9E6-5691DE946C14}.Debug|Any CPU.ActiveCfg = Debug|Any CPU
		{1F897FF7-ABCE-4E1F-B9E6-5691DE946C14}.Debug|Any CPU.Build.0 = Debug|Any CPU
		{1F897FF7-ABCE-4E1F-B9E6-5691DE946C14}.Release|Any CPU.ActiveCfg = Release|Any CPU
		{1F897FF7-ABCE-4E1F-B9E6-5691DE946C14}.Release|Any CPU.Build.0 = Release|Any CPU
	EndGlobalSection
	GlobalSection(SolutionProperties) = preSolution
		HideSolutionNode = FALSE
	EndGlobalSection
	GlobalSection(ExtensibilityGlobals) = postSolution
		SolutionGuid = {38982CB0-2FEB-465C-AC36-AF9AAE9AAA5E}
	EndGlobalSection
EndGlobal
